
Microsoft Visual Studio Solution File, Format Version 12.00
# Visual Studio Version 16
VisualStudioVersion = 16.0.30907.101
MinimumVisualStudioVersion = 10.0.40219.1
Project("{FAE04EC0-301F-11D3-BF4B-00C04F79EFBC}") = "deneme", "deneme\deneme.csproj", "{ED582B95-6D4D-4284-93E4-591E232A81F1}"
EndProject
Global
	GlobalSection(SolutionConfigurationPlatforms) = preSolution
		Debug|Any CPU = Debug|Any CPU
		Release|Any CPU = Release|Any CPU
	EndGlobalSection
	GlobalSection(ProjectConfigurationPlatforms) = postSolution
		{ED582B95-6D4D-4284-93E4-591E232A81F1}.Debug|Any CPU.ActiveCfg = Debug|Any CPU
		{ED582B95-6D4D-4284-93E4-591E232A81F1}.Debug|Any CPU.Build.0 = Debug|Any CPU
		{ED582B95-6D4D-4284-93E4-591E232A81F1}.Release|Any CPU.ActiveCfg = Release|Any CPU
		{ED582B95-6D4D-4284-93E4-591E232A81F1}.Release|Any CPU.Build.0 = Release|Any CPU
	EndGlobalSection
	GlobalSection(SolutionProperties) = preSolution
		HideSolutionNode = FALSE
	EndGlobalSection
	GlobalSection(ExtensibilityGlobals) = postSolution
		SolutionGuid = {0179E1C6-8B94-4A86-9639-DC520AAF97CE}
	EndGlobalSection
EndGlobal
